// !$*UTF8*$!
{
	archiveVersion = 1;
	classes = {
	};
	objectVersion = 46;
	objects = {

/* Begin PBXBuildFile section */
		A427CB5F1E5EA8B4007B8D7B /* main.m in Sources */ = {isa = PBXBuildFile; fileRef = A427CB5E1E5EA8B4007B8D7B /* main.m */; };
		A427CB621E5EA8B4007B8D7B /* AppDelegate.m in Sources */ = {isa = PBXBuildFile; fileRef = A427CB611E5EA8B4007B8D7B /* AppDelegate.m */; };
		A427CB651E5EA8B5007B8D7B /* ViewController.m in Sources */ = {isa = PBXBuildFile; fileRef = A427CB641E5EA8B5007B8D7B /* ViewController.m */; };
		A427CB681E5EA8B5007B8D7B /* Main.storyboard in Resources */ = {isa = PBXBuildFile; fileRef = A427CB661E5EA8B5007B8D7B /* Main.storyboard */; };
		A427CB6A1E5EA8B5007B8D7B /* Assets.xcassets in Resources */ = {isa = PBXBuildFile; fileRef = A427CB691E5EA8B5007B8D7B /* Assets.xcassets */; };
		A427CB6D1E5EA8B5007B8D7B /* LaunchScreen.storyboard in Resources */ = {isa = PBXBuildFile; fileRef = A427CB6B1E5EA8B5007B8D7B /* LaunchScreen.storyboard */; };
		A4FBD97E1E6129E300F36F3D /* TestPaperResultController.m in Sources */ = {isa = PBXBuildFile; fileRef = A4FBD9681E6129E300F36F3D /* TestPaperResultController.m */; };
		A4FBD97F1E6129E300F36F3D /* TestPaperViewController.m in Sources */ = {isa = PBXBuildFile; fileRef = A4FBD96A1E6129E300F36F3D /* TestPaperViewController.m */; };
		A4FBD9801E6129E300F36F3D /* CourseExamTopicModel.m in Sources */ = {isa = PBXBuildFile; fileRef = A4FBD96D1E6129E300F36F3D /* CourseExamTopicModel.m */; };
		A4FBD9811E6129E300F36F3D /* testData.plist in Resources */ = {isa = PBXBuildFile; fileRef = A4FBD96F1E6129E300F36F3D /* testData.plist */; };
		A4FBD9821E6129E300F36F3D /* SingleSelectCell.m in Sources */ = {isa = PBXBuildFile; fileRef = A4FBD9731E6129E300F36F3D /* SingleSelectCell.m */; };
		A4FBD9831E6129E300F36F3D /* SingleSelectCell.xib in Resources */ = {isa = PBXBuildFile; fileRef = A4FBD9741E6129E300F36F3D /* SingleSelectCell.xib */; };
		A4FBD9841E6129E300F36F3D /* BaseTestPaperTableView.m in Sources */ = {isa = PBXBuildFile; fileRef = A4FBD9771E6129E300F36F3D /* BaseTestPaperTableView.m */; };
		A4FBD9851E6129E300F36F3D /* EssayquestionTableView.m in Sources */ = {isa = PBXBuildFile; fileRef = A4FBD9791E6129E300F36F3D /* EssayquestionTableView.m */; };
		A4FBD9861E6129E300F36F3D /* MultiSelectionTableView.m in Sources */ = {isa = PBXBuildFile; fileRef = A4FBD97B1E6129E300F36F3D /* MultiSelectionTableView.m */; };
		A4FBD9871E6129E300F36F3D /* SingleSelectionTableView.m in Sources */ = {isa = PBXBuildFile; fileRef = A4FBD97D1E6129E300F36F3D /* SingleSelectionTableView.m */; };
		A4FBD9A31E612A2F00F36F3D /* MASCompositeConstraint.m in Sources */ = {isa = PBXBuildFile; fileRef = A4FBD98B1E612A2F00F36F3D /* MASCompositeConstraint.m */; };
		A4FBD9A41E612A2F00F36F3D /* MASConstraint.m in Sources */ = {isa = PBXBuildFile; fileRef = A4FBD98E1E612A2F00F36F3D /* MASConstraint.m */; };
		A4FBD9A51E612A2F00F36F3D /* MASConstraintMaker.m in Sources */ = {isa = PBXBuildFile; fileRef = A4FBD9901E612A2F00F36F3D /* MASConstraintMaker.m */; };
		A4FBD9A61E612A2F00F36F3D /* MASLayoutConstraint.m in Sources */ = {isa = PBXBuildFile; fileRef = A4FBD9921E612A2F00F36F3D /* MASLayoutConstraint.m */; };
		A4FBD9A71E612A2F00F36F3D /* MASViewAttribute.m in Sources */ = {isa = PBXBuildFile; fileRef = A4FBD9961E612A2F00F36F3D /* MASViewAttribute.m */; };
		A4FBD9A81E612A2F00F36F3D /* MASViewConstraint.m in Sources */ = {isa = PBXBuildFile; fileRef = A4FBD9981E612A2F00F36F3D /* MASViewConstraint.m */; };
		A4FBD9A91E612A2F00F36F3D /* NSArray+MASAdditions.m in Sources */ = {isa = PBXBuildFile; fileRef = A4FBD99A1E612A2F00F36F3D /* NSArray+MASAdditions.m */; };
		A4FBD9AA1E612A2F00F36F3D /* NSLayoutConstraint+MASDebugAdditions.m in Sources */ = {isa = PBXBuildFile; fileRef = A4FBD99D1E612A2F00F36F3D /* NSLayoutConstraint+MASDebugAdditions.m */; };
		A4FBD9AB1E612A2F00F36F3D /* View+MASAdditions.m in Sources */ = {isa = PBXBuildFile; fileRef = A4FBD99F1E612A2F00F36F3D /* View+MASAdditions.m */; };
		A4FBD9AC1E612A2F00F36F3D /* ViewController+MASAdditions.m in Sources */ = {isa = PBXBuildFile; fileRef = A4FBD9A21E612A2F00F36F3D /* ViewController+MASAdditions.m */; };
		A4FBD9B01E612A6E00F36F3D /* HYTextView.m in Sources */ = {isa = PBXBuildFile; fileRef = A4FBD9AF1E612A6E00F36F3D /* HYTextView.m */; };
		A4FBD9B81E612D1300F36F3D /* UIView+YYAdd.m in Sources */ = {isa = PBXBuildFile; fileRef = A4FBD9B71E612D1300F36F3D /* UIView+YYAdd.m */; };
		A4FBDA1A1E6155EB00F36F3D /* IQNSArray+Sort.m in Sources */ = {isa = PBXBuildFile; fileRef = A4FBD9F61E6155EB00F36F3D /* IQNSArray+Sort.m */; };
		A4FBDA1B1E6155EB00F36F3D /* IQUIScrollView+Additions.m in Sources */ = {isa = PBXBuildFile; fileRef = A4FBD9F81E6155EB00F36F3D /* IQUIScrollView+Additions.m */; };
		A4FBDA1C1E6155EB00F36F3D /* IQUITextFieldView+Additions.m in Sources */ = {isa = PBXBuildFile; fileRef = A4FBD9FA1E6155EB00F36F3D /* IQUITextFieldView+Additions.m */; };
		A4FBDA1D1E6155EB00F36F3D /* IQUIView+Hierarchy.m in Sources */ = {isa = PBXBuildFile; fileRef = A4FBD9FC1E6155EB00F36F3D /* IQUIView+Hierarchy.m */; };
		A4FBDA1E1E6155EB00F36F3D /* IQUIViewController+Additions.m in Sources */ = {isa = PBXBuildFile; fileRef = A4FBD9FE1E6155EB00F36F3D /* IQUIViewController+Additions.m */; };
		A4FBDA1F1E6155EB00F36F3D /* IQUIWindow+Hierarchy.m in Sources */ = {isa = PBXBuildFile; fileRef = A4FBDA001E6155EB00F36F3D /* IQUIWindow+Hierarchy.m */; };
		A4FBDA201E6155EB00F36F3D /* IQKeyboardManager.m in Sources */ = {isa = PBXBuildFile; fileRef = A4FBDA051E6155EB00F36F3D /* IQKeyboardManager.m */; };
		A4FBDA211E6155EB00F36F3D /* IQKeyboardReturnKeyHandler.m in Sources */ = {isa = PBXBuildFile; fileRef = A4FBDA071E6155EB00F36F3D /* IQKeyboardReturnKeyHandler.m */; };
		A4FBDA221E6155EB00F36F3D /* IQTextView.m in Sources */ = {isa = PBXBuildFile; fileRef = A4FBDA0A1E6155EB00F36F3D /* IQTextView.m */; };
		A4FBDA231E6155EB00F36F3D /* IQBarButtonItem.m in Sources */ = {isa = PBXBuildFile; fileRef = A4FBDA0D1E6155EB00F36F3D /* IQBarButtonItem.m */; };
		A4FBDA241E6155EB00F36F3D /* IQPreviousNextView.m in Sources */ = {isa = PBXBuildFile; fileRef = A4FBDA0F1E6155EB00F36F3D /* IQPreviousNextView.m */; };
		A4FBDA251E6155EB00F36F3D /* IQTitleBarButtonItem.m in Sources */ = {isa = PBXBuildFile; fileRef = A4FBDA111E6155EB00F36F3D /* IQTitleBarButtonItem.m */; };
		A4FBDA261E6155EB00F36F3D /* IQToolbar.m in Sources */ = {isa = PBXBuildFile; fileRef = A4FBDA131E6155EB00F36F3D /* IQToolbar.m */; };
		A4FBDA271E6155EB00F36F3D /* IQUIView+IQKeyboardToolbar.m in Sources */ = {isa = PBXBuildFile; fileRef = A4FBDA151E6155EB00F36F3D /* IQUIView+IQKeyboardToolbar.m */; };
		A4FBDA281E6155EB00F36F3D /* IQKeyboardManager.bundle in Resources */ = {isa = PBXBuildFile; fileRef = A4FBDA171E6155EB00F36F3D /* IQKeyboardManager.bundle */; };
		A4FBDA291E6155EB00F36F3D /* LICENSE.md in Sources */ = {isa = PBXBuildFile; fileRef = A4FBDA181E6155EB00F36F3D /* LICENSE.md */; };
		A4FBDA2A1E6155EB00F36F3D /* README.md in Sources */ = {isa = PBXBuildFile; fileRef = A4FBDA191E6155EB00F36F3D /* README.md */; };
		A4FBDA2D1E6157D600F36F3D /* UIAlertView+Blocks.m in Sources */ = {isa = PBXBuildFile; fileRef = A4FBDA2C1E6157D600F36F3D /* UIAlertView+Blocks.m */; };
/* End PBXBuildFile section */

/* Begin PBXFileReference section */
		A427CB5A1E5EA8B4007B8D7B /* TestPaper.app */ = {isa = PBXFileReference; explicitFileType = wrapper.application; includeInIndex = 0; path = TestPaper.app; sourceTree = BUILT_PRODUCTS_DIR; };
		A427CB5E1E5EA8B4007B8D7B /* main.m */ = {isa = PBXFileReference; lastKnownFileType = sourcecode.c.objc; path = main.m; sourceTree = "<group>"; };
		A427CB601E5EA8B4007B8D7B /* AppDelegate.h */ = {isa = PBXFileReference; lastKnownFileType = sourcecode.c.h; path = AppDelegate.h; sourceTree = "<group>"; };
		A427CB611E5EA8B4007B8D7B /* AppDelegate.m */ = {isa = PBXFileReference; lastKnownFileType = sourcecode.c.objc; path = AppDelegate.m; sourceTree = "<group>"; };
		A427CB631E5EA8B4007B8D7B /* ViewController.h */ = {isa = PBXFileReference; lastKnownFileType = sourcecode.c.h; path = ViewController.h; sourceTree = "<group>"; };
		A427CB641E5EA8B5007B8D7B /* ViewController.m */ = {isa = PBXFileReference; lastKnownFileType = sourcecode.c.objc; path = ViewController.m; sourceTree = "<group>"; };
		A427CB671E5EA8B5007B8D7B /* Base */ = {isa = PBXFileReference; lastKnownFileType = file.storyboard; name = Base; path = Base.lproj/Main.storyboard; sourceTree = "<group>"; };
		A427CB691E5EA8B5007B8D7B /* Assets.xcassets */ = {isa = PBXFileReference; lastKnownFileType = folder.assetcatalog; path = Assets.xcassets; sourceTree = "<group>"; };
		A427CB6C1E5EA8B5007B8D7B /* Base */ = {isa = PBXFileReference; lastKnownFileType = file.storyboard; name = Base; path = Base.lproj/LaunchScreen.storyboard; sourceTree = "<group>"; };
		A427CB6E1E5EA8B5007B8D7B /* Info.plist */ = {isa = PBXFileReference; lastKnownFileType = text.plist.xml; path = Info.plist; sourceTree = "<group>"; };
		A427CB8E1E5EABB2007B8D7B /* PrefixHeader.pch */ = {isa = PBXFileReference; fileEncoding = 4; lastKnownFileType = sourcecode.c.h; path = PrefixHeader.pch; sourceTree = "<group>"; };
		A4FBD9671E6129E300F36F3D /* TestPaperResultController.h */ = {isa = PBXFileReference; fileEncoding = 4; lastKnownFileType = sourcecode.c.h; path = TestPaperResultController.h; sourceTree = "<group>"; };
		A4FBD9681E6129E300F36F3D /* TestPaperResultController.m */ = {isa = PBXFileReference; fileEncoding = 4; lastKnownFileType = sourcecode.c.objc; path = TestPaperResultController.m; sourceTree = "<group>"; };
		A4FBD9691E6129E300F36F3D /* TestPaperViewController.h */ = {isa = PBXFileReference; fileEncoding = 4; lastKnownFileType = sourcecode.c.h; path = TestPaperViewController.h; sourceTree = "<group>"; };
		A4FBD96A1E6129E300F36F3D /* TestPaperViewController.m */ = {isa = PBXFileReference; fileEncoding = 4; lastKnownFileType = sourcecode.c.objc; path = TestPaperViewController.m; sourceTree = "<group>"; };
		A4FBD96C1E6129E300F36F3D /* CourseExamTopicModel.h */ = {isa = PBXFileReference; fileEncoding = 4; lastKnownFileType = sourcecode.c.h; path = CourseExamTopicModel.h; sourceTree = "<group>"; };
		A4FBD96D1E6129E300F36F3D /* CourseExamTopicModel.m */ = {isa = PBXFileReference; fileEncoding = 4; lastKnownFileType = sourcecode.c.objc; path = CourseExamTopicModel.m; sourceTree = "<group>"; };
		A4FBD96F1E6129E300F36F3D /* testData.plist */ = {isa = PBXFileReference; fileEncoding = 4; lastKnownFileType = text.plist.xml; path = testData.plist; sourceTree = "<group>"; };
		A4FBD9721E6129E300F36F3D /* SingleSelectCell.h */ = {isa = PBXFileReference; fileEncoding = 4; lastKnownFileType = sourcecode.c.h; path = SingleSelectCell.h; sourceTree = "<group>"; };
		A4FBD9731E6129E300F36F3D /* SingleSelectCell.m */ = {isa = PBXFileReference; fileEncoding = 4; lastKnownFileType = sourcecode.c.objc; path = SingleSelectCell.m; sourceTree = "<group>"; };
		A4FBD9741E6129E300F36F3D /* SingleSelectCell.xib */ = {isa = PBXFileReference; fileEncoding = 4; lastKnownFileType = file.xib; path = SingleSelectCell.xib; sourceTree = "<group>"; };
		A4FBD9761E6129E300F36F3D /* BaseTestPaperTableView.h */ = {isa = PBXFileReference; fileEncoding = 4; lastKnownFileType = sourcecode.c.h; path = BaseTestPaperTableView.h; sourceTree = "<group>"; };
		A4FBD9771E6129E300F36F3D /* BaseTestPaperTableView.m */ = {isa = PBXFileReference; fileEncoding = 4; lastKnownFileType = sourcecode.c.objc; path = BaseTestPaperTableView.m; sourceTree = "<group>"; };
		A4FBD9781E6129E300F36F3D /* EssayquestionTableView.h */ = {isa = PBXFileReference; fileEncoding = 4; lastKnownFileType = sourcecode.c.h; path = EssayquestionTableView.h; sourceTree = "<group>"; };
		A4FBD9791E6129E300F36F3D /* EssayquestionTableView.m */ = {isa = PBXFileReference; fileEncoding = 4; lastKnownFileType = sourcecode.c.objc; path = EssayquestionTableView.m; sourceTree = "<group>"; };
		A4FBD97A1E6129E300F36F3D /* MultiSelectionTableView.h */ = {isa = PBXFileReference; fileEncoding = 4; lastKnownFileType = sourcecode.c.h; path = MultiSelectionTableView.h; sourceTree = "<group>"; };
		A4FBD97B1E6129E300F36F3D /* MultiSelectionTableView.m */ = {isa = PBXFileReference; fileEncoding = 4; lastKnownFileType = sourcecode.c.objc; path = MultiSelectionTableView.m; sourceTree = "<group>"; };
		A4FBD97C1E6129E300F36F3D /* SingleSelectionTableView.h */ = {isa = PBXFileReference; fileEncoding = 4; lastKnownFileType = sourcecode.c.h; path = SingleSelectionTableView.h; sourceTree = "<group>"; };
		A4FBD97D1E6129E300F36F3D /* SingleSelectionTableView.m */ = {isa = PBXFileReference; fileEncoding = 4; lastKnownFileType = sourcecode.c.objc; path = SingleSelectionTableView.m; sourceTree = "<group>"; };
		A4FBD98A1E612A2F00F36F3D /* MASCompositeConstraint.h */ = {isa = PBXFileReference; fileEncoding = 4; lastKnownFileType = sourcecode.c.h; path = MASCompositeConstraint.h; sourceTree = "<group>"; };
		A4FBD98B1E612A2F00F36F3D /* MASCompositeConstraint.m */ = {isa = PBXFileReference; fileEncoding = 4; lastKnownFileType = sourcecode.c.objc; path = MASCompositeConstraint.m; sourceTree = "<group>"; };
		A4FBD98C1E612A2F00F36F3D /* MASConstraint+Private.h */ = {isa = PBXFileReference; fileEncoding = 4; lastKnownFileType = sourcecode.c.h; path = "MASConstraint+Private.h"; sourceTree = "<group>"; };
		A4FBD98D1E612A2F00F36F3D /* MASConstraint.h */ = {isa = PBXFileReference; fileEncoding = 4; lastKnownFileType = sourcecode.c.h; path = MASConstraint.h; sourceTree = "<group>"; };
		A4FBD98E1E612A2F00F36F3D /* MASConstraint.m */ = {isa = PBXFileReference; fileEncoding = 4; lastKnownFileType = sourcecode.c.objc; path = MASConstraint.m; sourceTree = "<group>"; };
		A4FBD98F1E612A2F00F36F3D /* MASConstraintMaker.h */ = {isa = PBXFileReference; fileEncoding = 4; lastKnownFileType = sourcecode.c.h; path = MASConstraintMaker.h; sourceTree = "<group>"; };
		A4FBD9901E612A2F00F36F3D /* MASConstraintMaker.m */ = {isa = PBXFileReference; fileEncoding = 4; lastKnownFileType = sourcecode.c.objc; path = MASConstraintMaker.m; sourceTree = "<group>"; };
		A4FBD9911E612A2F00F36F3D /* MASLayoutConstraint.h */ = {isa = PBXFileReference; fileEncoding = 4; lastKnownFileType = sourcecode.c.h; path = MASLayoutConstraint.h; sourceTree = "<group>"; };
		A4FBD9921E612A2F00F36F3D /* MASLayoutConstraint.m */ = {isa = PBXFileReference; fileEncoding = 4; lastKnownFileType = sourcecode.c.objc; path = MASLayoutConstraint.m; sourceTree = "<group>"; };
		A4FBD9931E612A2F00F36F3D /* Masonry.h */ = {isa = PBXFileReference; fileEncoding = 4; lastKnownFileType = sourcecode.c.h; path = Masonry.h; sourceTree = "<group>"; };
		A4FBD9941E612A2F00F36F3D /* MASUtilities.h */ = {isa = PBXFileReference; fileEncoding = 4; lastKnownFileType = sourcecode.c.h; path = MASUtilities.h; sourceTree = "<group>"; };
		A4FBD9951E612A2F00F36F3D /* MASViewAttribute.h */ = {isa = PBXFileReference; fileEncoding = 4; lastKnownFileType = sourcecode.c.h; path = MASViewAttribute.h; sourceTree = "<group>"; };
		A4FBD9961E612A2F00F36F3D /* MASViewAttribute.m */ = {isa = PBXFileReference; fileEncoding = 4; lastKnownFileType = sourcecode.c.objc; path = MASViewAttribute.m; sourceTree = "<group>"; };
		A4FBD9971E612A2F00F36F3D /* MASViewConstraint.h */ = {isa = PBXFileReference; fileEncoding = 4; lastKnownFileType = sourcecode.c.h; path = MASViewConstraint.h; sourceTree = "<group>"; };
		A4FBD9981E612A2F00F36F3D /* MASViewConstraint.m */ = {isa = PBXFileReference; fileEncoding = 4; lastKnownFileType = sourcecode.c.objc; path = MASViewConstraint.m; sourceTree = "<group>"; };
		A4FBD9991E612A2F00F36F3D /* NSArray+MASAdditions.h */ = {isa = PBXFileReference; fileEncoding = 4; lastKnownFileType = sourcecode.c.h; path = "NSArray+MASAdditions.h"; sourceTree = "<group>"; };
		A4FBD99A1E612A2F00F36F3D /* NSArray+MASAdditions.m */ = {isa = PBXFileReference; fileEncoding = 4; lastKnownFileType = sourcecode.c.objc; path = "NSArray+MASAdditions.m"; sourceTree = "<group>"; };
		A4FBD99B1E612A2F00F36F3D /* NSArray+MASShorthandAdditions.h */ = {isa = PBXFileReference; fileEncoding = 4; lastKnownFileType = sourcecode.c.h; path = "NSArray+MASShorthandAdditions.h"; sourceTree = "<group>"; };
		A4FBD99C1E612A2F00F36F3D /* NSLayoutConstraint+MASDebugAdditions.h */ = {isa = PBXFileReference; fileEncoding = 4; lastKnownFileType = sourcecode.c.h; path = "NSLayoutConstraint+MASDebugAdditions.h"; sourceTree = "<group>"; };
		A4FBD99D1E612A2F00F36F3D /* NSLayoutConstraint+MASDebugAdditions.m */ = {isa = PBXFileReference; fileEncoding = 4; lastKnownFileType = sourcecode.c.objc; path = "NSLayoutConstraint+MASDebugAdditions.m"; sourceTree = "<group>"; };
		A4FBD99E1E612A2F00F36F3D /* View+MASAdditions.h */ = {isa = PBXFileReference; fileEncoding = 4; lastKnownFileType = sourcecode.c.h; path = "View+MASAdditions.h"; sourceTree = "<group>"; };
		A4FBD99F1E612A2F00F36F3D /* View+MASAdditions.m */ = {isa = PBXFileReference; fileEncoding = 4; lastKnownFileType = sourcecode.c.objc; path = "View+MASAdditions.m"; sourceTree = "<group>"; };
		A4FBD9A01E612A2F00F36F3D /* View+MASShorthandAdditions.h */ = {isa = PBXFileReference; fileEncoding = 4; lastKnownFileType = sourcecode.c.h; path = "View+MASShorthandAdditions.h"; sourceTree = "<group>"; };
		A4FBD9A11E612A2F00F36F3D /* ViewController+MASAdditions.h */ = {isa = PBXFileReference; fileEncoding = 4; lastKnownFileType = sourcecode.c.h; path = "ViewController+MASAdditions.h"; sourceTree = "<group>"; };
		A4FBD9A21E612A2F00F36F3D /* ViewController+MASAdditions.m */ = {isa = PBXFileReference; fileEncoding = 4; lastKnownFileType = sourcecode.c.objc; path = "ViewController+MASAdditions.m"; sourceTree = "<group>"; };
		A4FBD9AE1E612A6E00F36F3D /* HYTextView.h */ = {isa = PBXFileReference; fileEncoding = 4; lastKnownFileType = sourcecode.c.h; path = HYTextView.h; sourceTree = "<group>"; };
		A4FBD9AF1E612A6E00F36F3D /* HYTextView.m */ = {isa = PBXFileReference; fileEncoding = 4; lastKnownFileType = sourcecode.c.objc; path = HYTextView.m; sourceTree = "<group>"; };
		A4FBD9B11E612ADE00F36F3D /* Definition.h */ = {isa = PBXFileReference; lastKnownFileType = sourcecode.c.h; path = Definition.h; sourceTree = "<group>"; };
		A4FBD9B61E612D1300F36F3D /* UIView+YYAdd.h */ = {isa = PBXFileReference; fileEncoding = 4; lastKnownFileType = sourcecode.c.h; path = "UIView+YYAdd.h"; sourceTree = "<group>"; };
		A4FBD9B71E612D1300F36F3D /* UIView+YYAdd.m */ = {isa = PBXFileReference; fileEncoding = 4; lastKnownFileType = sourcecode.c.objc; path = "UIView+YYAdd.m"; sourceTree = "<group>"; };
		A4FBD9F51E6155EB00F36F3D /* IQNSArray+Sort.h */ = {isa = PBXFileReference; fileEncoding = 4; lastKnownFileType = sourcecode.c.h; path = "IQNSArray+Sort.h"; sourceTree = "<group>"; };
		A4FBD9F61E6155EB00F36F3D /* IQNSArray+Sort.m */ = {isa = PBXFileReference; fileEncoding = 4; lastKnownFileType = sourcecode.c.objc; path = "IQNSArray+Sort.m"; sourceTree = "<group>"; };
		A4FBD9F71E6155EB00F36F3D /* IQUIScrollView+Additions.h */ = {isa = PBXFileReference; fileEncoding = 4; lastKnownFileType = sourcecode.c.h; path = "IQUIScrollView+Additions.h"; sourceTree = "<group>"; };
		A4FBD9F81E6155EB00F36F3D /* IQUIScrollView+Additions.m */ = {isa = PBXFileReference; fileEncoding = 4; lastKnownFileType = sourcecode.c.objc; path = "IQUIScrollView+Additions.m"; sourceTree = "<group>"; };
		A4FBD9F91E6155EB00F36F3D /* IQUITextFieldView+Additions.h */ = {isa = PBXFileReference; fileEncoding = 4; lastKnownFileType = sourcecode.c.h; path = "IQUITextFieldView+Additions.h"; sourceTree = "<group>"; };
		A4FBD9FA1E6155EB00F36F3D /* IQUITextFieldView+Additions.m */ = {isa = PBXFileReference; fileEncoding = 4; lastKnownFileType = sourcecode.c.objc; path = "IQUITextFieldView+Additions.m"; sourceTree = "<group>"; };
		A4FBD9FB1E6155EB00F36F3D /* IQUIView+Hierarchy.h */ = {isa = PBXFileReference; fileEncoding = 4; lastKnownFileType = sourcecode.c.h; path = "IQUIView+Hierarchy.h"; sourceTree = "<group>"; };
		A4FBD9FC1E6155EB00F36F3D /* IQUIView+Hierarchy.m */ = {isa = PBXFileReference; fileEncoding = 4; lastKnownFileType = sourcecode.c.objc; path = "IQUIView+Hierarchy.m"; sourceTree = "<group>"; };
		A4FBD9FD1E6155EB00F36F3D /* IQUIViewController+Additions.h */ = {isa = PBXFileReference; fileEncoding = 4; lastKnownFileType = sourcecode.c.h; path = "IQUIViewController+Additions.h"; sourceTree = "<group>"; };
		A4FBD9FE1E6155EB00F36F3D /* IQUIViewController+Additions.m */ = {isa = PBXFileReference; fileEncoding = 4; lastKnownFileType = sourcecode.c.objc; path = "IQUIViewController+Additions.m"; sourceTree = "<group>"; };
		A4FBD9FF1E6155EB00F36F3D /* IQUIWindow+Hierarchy.h */ = {isa = PBXFileReference; fileEncoding = 4; lastKnownFileType = sourcecode.c.h; path = "IQUIWindow+Hierarchy.h"; sourceTree = "<group>"; };
		A4FBDA001E6155EB00F36F3D /* IQUIWindow+Hierarchy.m */ = {isa = PBXFileReference; fileEncoding = 4; lastKnownFileType = sourcecode.c.objc; path = "IQUIWindow+Hierarchy.m"; sourceTree = "<group>"; };
		A4FBDA021E6155EB00F36F3D /* IQKeyboardManagerConstants.h */ = {isa = PBXFileReference; fileEncoding = 4; lastKnownFileType = sourcecode.c.h; path = IQKeyboardManagerConstants.h; sourceTree = "<group>"; };
		A4FBDA031E6155EB00F36F3D /* IQKeyboardManagerConstantsInternal.h */ = {isa = PBXFileReference; fileEncoding = 4; lastKnownFileType = sourcecode.c.h; path = IQKeyboardManagerConstantsInternal.h; sourceTree = "<group>"; };
		A4FBDA041E6155EB00F36F3D /* IQKeyboardManager.h */ = {isa = PBXFileReference; fileEncoding = 4; lastKnownFileType = sourcecode.c.h; path = IQKeyboardManager.h; sourceTree = "<group>"; };
		A4FBDA051E6155EB00F36F3D /* IQKeyboardManager.m */ = {isa = PBXFileReference; fileEncoding = 4; lastKnownFileType = sourcecode.c.objc; path = IQKeyboardManager.m; sourceTree = "<group>"; };
		A4FBDA061E6155EB00F36F3D /* IQKeyboardReturnKeyHandler.h */ = {isa = PBXFileReference; fileEncoding = 4; lastKnownFileType = sourcecode.c.h; path = IQKeyboardReturnKeyHandler.h; sourceTree = "<group>"; };
		A4FBDA071E6155EB00F36F3D /* IQKeyboardReturnKeyHandler.m */ = {isa = PBXFileReference; fileEncoding = 4; lastKnownFileType = sourcecode.c.objc; path = IQKeyboardReturnKeyHandler.m; sourceTree = "<group>"; };
		A4FBDA091E6155EB00F36F3D /* IQTextView.h */ = {isa = PBXFileReference; fileEncoding = 4; lastKnownFileType = sourcecode.c.h; path = IQTextView.h; sourceTree = "<group>"; };
		A4FBDA0A1E6155EB00F36F3D /* IQTextView.m */ = {isa = PBXFileReference; fileEncoding = 4; lastKnownFileType = sourcecode.c.objc; path = IQTextView.m; sourceTree = "<group>"; };
		A4FBDA0C1E6155EB00F36F3D /* IQBarButtonItem.h */ = {isa = PBXFileReference; fileEncoding = 4; lastKnownFileType = sourcecode.c.h; path = IQBarButtonItem.h; sourceTree = "<group>"; };
		A4FBDA0D1E6155EB00F36F3D /* IQBarButtonItem.m */ = {isa = PBXFileReference; fileEncoding = 4; lastKnownFileType = sourcecode.c.objc; path = IQBarButtonItem.m; sourceTree = "<group>"; };
		A4FBDA0E1E6155EB00F36F3D /* IQPreviousNextView.h */ = {isa = PBXFileReference; fileEncoding = 4; lastKnownFileType = sourcecode.c.h; path = IQPreviousNextView.h; sourceTree = "<group>"; };
		A4FBDA0F1E6155EB00F36F3D /* IQPreviousNextView.m */ = {isa = PBXFileReference; fileEncoding = 4; lastKnownFileType = sourcecode.c.objc; path = IQPreviousNextView.m; sourceTree = "<group>"; };
		A4FBDA101E6155EB00F36F3D /* IQTitleBarButtonItem.h */ = {isa = PBXFileReference; fileEncoding = 4; lastKnownFileType = sourcecode.c.h; path = IQTitleBarButtonItem.h; sourceTree = "<group>"; };
		A4FBDA111E6155EB00F36F3D /* IQTitleBarButtonItem.m */ = {isa = PBXFileReference; fileEncoding = 4; lastKnownFileType = sourcecode.c.objc; path = IQTitleBarButtonItem.m; sourceTree = "<group>"; };
		A4FBDA121E6155EB00F36F3D /* IQToolbar.h */ = {isa = PBXFileReference; fileEncoding = 4; lastKnownFileType = sourcecode.c.h; path = IQToolbar.h; sourceTree = "<group>"; };
		A4FBDA131E6155EB00F36F3D /* IQToolbar.m */ = {isa = PBXFileReference; fileEncoding = 4; lastKnownFileType = sourcecode.c.objc; path = IQToolbar.m; sourceTree = "<group>"; };
		A4FBDA141E6155EB00F36F3D /* IQUIView+IQKeyboardToolbar.h */ = {isa = PBXFileReference; fileEncoding = 4; lastKnownFileType = sourcecode.c.h; path = "IQUIView+IQKeyboardToolbar.h"; sourceTree = "<group>"; };
		A4FBDA151E6155EB00F36F3D /* IQUIView+IQKeyboardToolbar.m */ = {isa = PBXFileReference; fileEncoding = 4; lastKnownFileType = sourcecode.c.objc; path = "IQUIView+IQKeyboardToolbar.m"; sourceTree = "<group>"; };
		A4FBDA171E6155EB00F36F3D /* IQKeyboardManager.bundle */ = {isa = PBXFileReference; lastKnownFileType = "wrapper.plug-in"; path = IQKeyboardManager.bundle; sourceTree = "<group>"; };
		A4FBDA181E6155EB00F36F3D /* LICENSE.md */ = {isa = PBXFileReference; fileEncoding = 4; lastKnownFileType = net.daringfireball.markdown; path = LICENSE.md; sourceTree = "<group>"; };
		A4FBDA191E6155EB00F36F3D /* README.md */ = {isa = PBXFileReference; fileEncoding = 4; lastKnownFileType = net.daringfireball.markdown; path = README.md; sourceTree = "<group>"; };
		A4FBDA2B1E6157D600F36F3D /* UIAlertView+Blocks.h */ = {isa = PBXFileReference; fileEncoding = 4; lastKnownFileType = sourcecode.c.h; path = "UIAlertView+Blocks.h"; sourceTree = "<group>"; };
		A4FBDA2C1E6157D600F36F3D /* UIAlertView+Blocks.m */ = {isa = PBXFileReference; fileEncoding = 4; lastKnownFileType = sourcecode.c.objc; path = "UIAlertView+Blocks.m"; sourceTree = "<group>"; };
/* End PBXFileReference section */

/* Begin PBXFrameworksBuildPhase section */
		A427CB571E5EA8B4007B8D7B /* Frameworks */ = {
			isa = PBXFrameworksBuildPhase;
			buildActionMask = 2147483647;
			files = (
			);
			runOnlyForDeploymentPostprocessing = 0;
		};
/* End PBXFrameworksBuildPhase section */

/* Begin PBXGroup section */
		A427CB511E5EA8B4007B8D7B = {
			isa = PBXGroup;
			children = (
				A427CB5C1E5EA8B4007B8D7B /* TestPaper */,
				A427CB5B1E5EA8B4007B8D7B /* Products */,
			);
			sourceTree = "<group>";
		};
		A427CB5B1E5EA8B4007B8D7B /* Products */ = {
			isa = PBXGroup;
			children = (
				A427CB5A1E5EA8B4007B8D7B /* TestPaper.app */,
			);
			name = Products;
			sourceTree = "<group>";
		};
		A427CB5C1E5EA8B4007B8D7B /* TestPaper */ = {
			isa = PBXGroup;
			children = (
				A4FBD9B11E612ADE00F36F3D /* Definition.h */,
				A4FBD9881E612A2F00F36F3D /* Vendors */,
				A4FBD9B21E612CCA00F36F3D /* Categories */,
				A427CB741E5EA963007B8D7B /* testPaper */,
				A427CB601E5EA8B4007B8D7B /* AppDelegate.h */,
				A427CB611E5EA8B4007B8D7B /* AppDelegate.m */,
				A427CB631E5EA8B4007B8D7B /* ViewController.h */,
				A427CB641E5EA8B5007B8D7B /* ViewController.m */,
				A427CB661E5EA8B5007B8D7B /* Main.storyboard */,
				A427CB691E5EA8B5007B8D7B /* Assets.xcassets */,
				A427CB6B1E5EA8B5007B8D7B /* LaunchScreen.storyboard */,
				A427CB6E1E5EA8B5007B8D7B /* Info.plist */,
				A427CB5D1E5EA8B4007B8D7B /* Supporting Files */,
			);
			path = TestPaper;
			sourceTree = "<group>";
		};
		A427CB5D1E5EA8B4007B8D7B /* Supporting Files */ = {
			isa = PBXGroup;
			children = (
				A427CB5E1E5EA8B4007B8D7B /* main.m */,
				A427CB8E1E5EABB2007B8D7B /* PrefixHeader.pch */,
			);
			name = "Supporting Files";
			sourceTree = "<group>";
		};
		A427CB741E5EA963007B8D7B /* testPaper */ = {
			isa = PBXGroup;
			children = (
				A4FBD9661E6129E300F36F3D /* controller */,
				A4FBD96B1E6129E300F36F3D /* model */,
				A4FBD96E1E6129E300F36F3D /* resource */,
				A4FBD9701E6129E300F36F3D /* view */,
			);
			path = testPaper;
			sourceTree = "<group>";
		};
		A4FBD9661E6129E300F36F3D /* controller */ = {
			isa = PBXGroup;
			children = (
				A4FBD9671E6129E300F36F3D /* TestPaperResultController.h */,
				A4FBD9681E6129E300F36F3D /* TestPaperResultController.m */,
				A4FBD9691E6129E300F36F3D /* TestPaperViewController.h */,
				A4FBD96A1E6129E300F36F3D /* TestPaperViewController.m */,
			);
			path = controller;
			sourceTree = "<group>";
		};
		A4FBD96B1E6129E300F36F3D /* model */ = {
			isa = PBXGroup;
			children = (
				A4FBD96C1E6129E300F36F3D /* CourseExamTopicModel.h */,
				A4FBD96D1E6129E300F36F3D /* CourseExamTopicModel.m */,
			);
			path = model;
			sourceTree = "<group>";
		};
		A4FBD96E1E6129E300F36F3D /* resource */ = {
			isa = PBXGroup;
			children = (
				A4FBD96F1E6129E300F36F3D /* testData.plist */,
			);
			path = resource;
			sourceTree = "<group>";
		};
		A4FBD9701E6129E300F36F3D /* view */ = {
			isa = PBXGroup;
			children = (
				A4FBD9711E6129E300F36F3D /* cell */,
				A4FBD9751E6129E300F36F3D /* tableView */,
			);
			path = view;
			sourceTree = "<group>";
		};
		A4FBD9711E6129E300F36F3D /* cell */ = {
			isa = PBXGroup;
			children = (
				A4FBD9721E6129E300F36F3D /* SingleSelectCell.h */,
				A4FBD9731E6129E300F36F3D /* SingleSelectCell.m */,
				A4FBD9741E6129E300F36F3D /* SingleSelectCell.xib */,
			);
			path = cell;
			sourceTree = "<group>";
		};
		A4FBD9751E6129E300F36F3D /* tableView */ = {
			isa = PBXGroup;
			children = (
				A4FBD9761E6129E300F36F3D /* BaseTestPaperTableView.h */,
				A4FBD9771E6129E300F36F3D /* BaseTestPaperTableView.m */,
				A4FBD9781E6129E300F36F3D /* EssayquestionTableView.h */,
				A4FBD9791E6129E300F36F3D /* EssayquestionTableView.m */,
				A4FBD97A1E6129E300F36F3D /* MultiSelectionTableView.h */,
				A4FBD97B1E6129E300F36F3D /* MultiSelectionTableView.m */,
				A4FBD97C1E6129E300F36F3D /* SingleSelectionTableView.h */,
				A4FBD97D1E6129E300F36F3D /* SingleSelectionTableView.m */,
			);
			path = tableView;
			sourceTree = "<group>";
		};
		A4FBD9881E612A2F00F36F3D /* Vendors */ = {
			isa = PBXGroup;
			children = (
				A4FBD9F21E6155EB00F36F3D /* IQKeyboardManager */,
				A4FBD9AD1E612A6E00F36F3D /* HYTextView */,
				A4FBD9891E612A2F00F36F3D /* Masonry */,
			);
			path = Vendors;
			sourceTree = "<group>";
		};
		A4FBD9891E612A2F00F36F3D /* Masonry */ = {
			isa = PBXGroup;
			children = (
				A4FBD98A1E612A2F00F36F3D /* MASCompositeConstraint.h */,
				A4FBD98B1E612A2F00F36F3D /* MASCompositeConstraint.m */,
				A4FBD98C1E612A2F00F36F3D /* MASConstraint+Private.h */,
				A4FBD98D1E612A2F00F36F3D /* MASConstraint.h */,
				A4FBD98E1E612A2F00F36F3D /* MASConstraint.m */,
				A4FBD98F1E612A2F00F36F3D /* MASConstraintMaker.h */,
				A4FBD9901E612A2F00F36F3D /* MASConstraintMaker.m */,
				A4FBD9911E612A2F00F36F3D /* MASLayoutConstraint.h */,
				A4FBD9921E612A2F00F36F3D /* MASLayoutConstraint.m */,
				A4FBD9931E612A2F00F36F3D /* Masonry.h */,
				A4FBD9941E612A2F00F36F3D /* MASUtilities.h */,
				A4FBD9951E612A2F00F36F3D /* MASViewAttribute.h */,
				A4FBD9961E612A2F00F36F3D /* MASViewAttribute.m */,
				A4FBD9971E612A2F00F36F3D /* MASViewConstraint.h */,
				A4FBD9981E612A2F00F36F3D /* MASViewConstraint.m */,
				A4FBD9991E612A2F00F36F3D /* NSArray+MASAdditions.h */,
				A4FBD99A1E612A2F00F36F3D /* NSArray+MASAdditions.m */,
				A4FBD99B1E612A2F00F36F3D /* NSArray+MASShorthandAdditions.h */,
				A4FBD99C1E612A2F00F36F3D /* NSLayoutConstraint+MASDebugAdditions.h */,
				A4FBD99D1E612A2F00F36F3D /* NSLayoutConstraint+MASDebugAdditions.m */,
				A4FBD99E1E612A2F00F36F3D /* View+MASAdditions.h */,
				A4FBD99F1E612A2F00F36F3D /* View+MASAdditions.m */,
				A4FBD9A01E612A2F00F36F3D /* View+MASShorthandAdditions.h */,
				A4FBD9A11E612A2F00F36F3D /* ViewController+MASAdditions.h */,
				A4FBD9A21E612A2F00F36F3D /* ViewController+MASAdditions.m */,
			);
			path = Masonry;
			sourceTree = "<group>";
		};
		A4FBD9AD1E612A6E00F36F3D /* HYTextView */ = {
			isa = PBXGroup;
			children = (
				A4FBD9AE1E612A6E00F36F3D /* HYTextView.h */,
				A4FBD9AF1E612A6E00F36F3D /* HYTextView.m */,
			);
			path = HYTextView;
			sourceTree = "<group>";
		};
		A4FBD9B21E612CCA00F36F3D /* Categories */ = {
			isa = PBXGroup;
			children = (
				A4FBDA2B1E6157D600F36F3D /* UIAlertView+Blocks.h */,
				A4FBDA2C1E6157D600F36F3D /* UIAlertView+Blocks.m */,
				A4FBD9B61E612D1300F36F3D /* UIView+YYAdd.h */,
				A4FBD9B71E612D1300F36F3D /* UIView+YYAdd.m */,
			);
			path = Categories;
			sourceTree = "<group>";
		};
		A4FBD9F21E6155EB00F36F3D /* IQKeyboardManager */ = {
			isa = PBXGroup;
			children = (
				A4FBD9F31E6155EB00F36F3D /* IQKeyboardManager */,
				A4FBDA181E6155EB00F36F3D /* LICENSE.md */,
				A4FBDA191E6155EB00F36F3D /* README.md */,
			);
			path = IQKeyboardManager;
			sourceTree = "<group>";
		};
		A4FBD9F31E6155EB00F36F3D /* IQKeyboardManager */ = {
			isa = PBXGroup;
			children = (
				A4FBD9F41E6155EB00F36F3D /* Categories */,
				A4FBDA011E6155EB00F36F3D /* Constants */,
				A4FBDA041E6155EB00F36F3D /* IQKeyboardManager.h */,
				A4FBDA051E6155EB00F36F3D /* IQKeyboardManager.m */,
				A4FBDA061E6155EB00F36F3D /* IQKeyboardReturnKeyHandler.h */,
				A4FBDA071E6155EB00F36F3D /* IQKeyboardReturnKeyHandler.m */,
				A4FBDA081E6155EB00F36F3D /* IQTextView */,
				A4FBDA0B1E6155EB00F36F3D /* IQToolbar */,
				A4FBDA161E6155EB00F36F3D /* Resources */,
			);
			path = IQKeyboardManager;
			sourceTree = "<group>";
		};
		A4FBD9F41E6155EB00F36F3D /* Categories */ = {
			isa = PBXGroup;
			children = (
				A4FBD9F51E6155EB00F36F3D /* IQNSArray+Sort.h */,
				A4FBD9F61E6155EB00F36F3D /* IQNSArray+Sort.m */,
				A4FBD9F71E6155EB00F36F3D /* IQUIScrollView+Additions.h */,
				A4FBD9F81E6155EB00F36F3D /* IQUIScrollView+Additions.m */,
				A4FBD9F91E6155EB00F36F3D /* IQUITextFieldView+Additions.h */,
				A4FBD9FA1E6155EB00F36F3D /* IQUITextFieldView+Additions.m */,
				A4FBD9FB1E6155EB00F36F3D /* IQUIView+Hierarchy.h */,
				A4FBD9FC1E6155EB00F36F3D /* IQUIView+Hierarchy.m */,
				A4FBD9FD1E6155EB00F36F3D /* IQUIViewController+Additions.h */,
				A4FBD9FE1E6155EB00F36F3D /* IQUIViewController+Additions.m */,
				A4FBD9FF1E6155EB00F36F3D /* IQUIWindow+Hierarchy.h */,
				A4FBDA001E6155EB00F36F3D /* IQUIWindow+Hierarchy.m */,
			);
			path = Categories;
			sourceTree = "<group>";
		};
		A4FBDA011E6155EB00F36F3D /* Constants */ = {
			isa = PBXGroup;
			children = (
				A4FBDA021E6155EB00F36F3D /* IQKeyboardManagerConstants.h */,
				A4FBDA031E6155EB00F36F3D /* IQKeyboardManagerConstantsInternal.h */,
			);
			path = Constants;
			sourceTree = "<group>";
		};
		A4FBDA081E6155EB00F36F3D /* IQTextView */ = {
			isa = PBXGroup;
			children = (
				A4FBDA091E6155EB00F36F3D /* IQTextView.h */,
				A4FBDA0A1E6155EB00F36F3D /* IQTextView.m */,
			);
			path = IQTextView;
			sourceTree = "<group>";
		};
		A4FBDA0B1E6155EB00F36F3D /* IQToolbar */ = {
			isa = PBXGroup;
			children = (
				A4FBDA0C1E6155EB00F36F3D /* IQBarButtonItem.h */,
				A4FBDA0D1E6155EB00F36F3D /* IQBarButtonItem.m */,
				A4FBDA0E1E6155EB00F36F3D /* IQPreviousNextView.h */,
				A4FBDA0F1E6155EB00F36F3D /* IQPreviousNextView.m */,
				A4FBDA101E6155EB00F36F3D /* IQTitleBarButtonItem.h */,
				A4FBDA111E6155EB00F36F3D /* IQTitleBarButtonItem.m */,
				A4FBDA121E6155EB00F36F3D /* IQToolbar.h */,
				A4FBDA131E6155EB00F36F3D /* IQToolbar.m */,
				A4FBDA141E6155EB00F36F3D /* IQUIView+IQKeyboardToolbar.h */,
				A4FBDA151E6155EB00F36F3D /* IQUIView+IQKeyboardToolbar.m */,
			);
			path = IQToolbar;
			sourceTree = "<group>";
		};
		A4FBDA161E6155EB00F36F3D /* Resources */ = {
			isa = PBXGroup;
			children = (
				A4FBDA171E6155EB00F36F3D /* IQKeyboardManager.bundle */,
			);
			path = Resources;
			sourceTree = "<group>";
		};
/* End PBXGroup section */

/* Begin PBXNativeTarget section */
		A427CB591E5EA8B4007B8D7B /* TestPaper */ = {
			isa = PBXNativeTarget;
			buildConfigurationList = A427CB711E5EA8B5007B8D7B /* Build configuration list for PBXNativeTarget "TestPaper" */;
			buildPhases = (
				A427CB561E5EA8B4007B8D7B /* Sources */,
				A427CB571E5EA8B4007B8D7B /* Frameworks */,
				A427CB581E5EA8B4007B8D7B /* Resources */,
			);
			buildRules = (
			);
			dependencies = (
			);
			name = TestPaper;
			productName = TestPaper;
			productReference = A427CB5A1E5EA8B4007B8D7B /* TestPaper.app */;
			productType = "com.apple.product-type.application";
		};
/* End PBXNativeTarget section */

/* Begin PBXProject section */
		A427CB521E5EA8B4007B8D7B /* Project object */ = {
			isa = PBXProject;
			attributes = {
				LastUpgradeCheck = 0800;
				ORGANIZATIONNAME = lilei;
				TargetAttributes = {
					A427CB591E5EA8B4007B8D7B = {
						CreatedOnToolsVersion = 8.0;
						DevelopmentTeam = 4E9YB2PQ89;
						ProvisioningStyle = Automatic;
					};
				};
			};
			buildConfigurationList = A427CB551E5EA8B4007B8D7B /* Build configuration list for PBXProject "TestPaper" */;
			compatibilityVersion = "Xcode 3.2";
			developmentRegion = English;
			hasScannedForEncodings = 0;
			knownRegions = (
				en,
				Base,
			);
			mainGroup = A427CB511E5EA8B4007B8D7B;
			productRefGroup = A427CB5B1E5EA8B4007B8D7B /* Products */;
			projectDirPath = "";
			projectRoot = "";
			targets = (
				A427CB591E5EA8B4007B8D7B /* TestPaper */,
			);
		};
/* End PBXProject section */

/* Begin PBXResourcesBuildPhase section */
		A427CB581E5EA8B4007B8D7B /* Resources */ = {
			isa = PBXResourcesBuildPhase;
			buildActionMask = 2147483647;
			files = (
				A4FBD9831E6129E300F36F3D /* SingleSelectCell.xib in Resources */,
				A427CB6D1E5EA8B5007B8D7B /* LaunchScreen.storyboard in Resources */,
				A4FBDA281E6155EB00F36F3D /* IQKeyboardManager.bundle in Resources */,
				A427CB6A1E5EA8B5007B8D7B /* Assets.xcassets in Resources */,
				A4FBD9811E6129E300F36F3D /* testData.plist in Resources */,
				A427CB681E5EA8B5007B8D7B /* Main.storyboard in Resources */,
			);
			runOnlyForDeploymentPostprocessing = 0;
		};
/* End PBXResourcesBuildPhase section */

/* Begin PBXSourcesBuildPhase section */
		A427CB561E5EA8B4007B8D7B /* Sources */ = {
			isa = PBXSourcesBuildPhase;
			buildActionMask = 2147483647;
			files = (
				A4FBDA201E6155EB00F36F3D /* IQKeyboardManager.m in Sources */,
				A4FBDA221E6155EB00F36F3D /* IQTextView.m in Sources */,
				A4FBDA231E6155EB00F36F3D /* IQBarButtonItem.m in Sources */,
				A4FBDA1A1E6155EB00F36F3D /* IQNSArray+Sort.m in Sources */,
				A427CB651E5EA8B5007B8D7B /* ViewController.m in Sources */,
				A4FBDA1E1E6155EB00F36F3D /* IQUIViewController+Additions.m in Sources */,
				A4FBDA1F1E6155EB00F36F3D /* IQUIWindow+Hierarchy.m in Sources */,
				A4FBD97E1E6129E300F36F3D /* TestPaperResultController.m in Sources */,
				A4FBD9861E6129E300F36F3D /* MultiSelectionTableView.m in Sources */,
				A4FBD9851E6129E300F36F3D /* EssayquestionTableView.m in Sources */,
				A4FBD9A31E612A2F00F36F3D /* MASCompositeConstraint.m in Sources */,
				A427CB621E5EA8B4007B8D7B /* AppDelegate.m in Sources */,
				A4FBD9A81E612A2F00F36F3D /* MASViewConstraint.m in Sources */,
				A4FBD9821E6129E300F36F3D /* SingleSelectCell.m in Sources */,
				A4FBDA291E6155EB00F36F3D /* LICENSE.md in Sources */,
				A4FBD9AB1E612A2F00F36F3D /* View+MASAdditions.m in Sources */,
				A4FBDA251E6155EB00F36F3D /* IQTitleBarButtonItem.m in Sources */,
				A4FBDA2D1E6157D600F36F3D /* UIAlertView+Blocks.m in Sources */,
				A4FBD9AA1E612A2F00F36F3D /* NSLayoutConstraint+MASDebugAdditions.m in Sources */,
				A4FBDA241E6155EB00F36F3D /* IQPreviousNextView.m in Sources */,
				A4FBD9A61E612A2F00F36F3D /* MASLayoutConstraint.m in Sources */,
				A4FBD9AC1E612A2F00F36F3D /* ViewController+MASAdditions.m in Sources */,
				A4FBD9A51E612A2F00F36F3D /* MASConstraintMaker.m in Sources */,
				A4FBD9841E6129E300F36F3D /* BaseTestPaperTableView.m in Sources */,
				A4FBDA271E6155EB00F36F3D /* IQUIView+IQKeyboardToolbar.m in Sources */,
				A4FBD97F1E6129E300F36F3D /* TestPaperViewController.m in Sources */,
				A4FBDA261E6155EB00F36F3D /* IQToolbar.m in Sources */,
				A4FBDA1D1E6155EB00F36F3D /* IQUIView+Hierarchy.m in Sources */,
				A4FBDA1C1E6155EB00F36F3D /* IQUITextFieldView+Additions.m in Sources */,
				A4FBDA211E6155EB00F36F3D /* IQKeyboardReturnKeyHandler.m in Sources */,
				A4FBDA1B1E6155EB00F36F3D /* IQUIScrollView+Additions.m in Sources */,
				A4FBDA2A1E6155EB00F36F3D /* README.md in Sources */,
				A4FBD9871E6129E300F36F3D /* SingleSelectionTableView.m in Sources */,
				A4FBD9801E6129E300F36F3D /* CourseExamTopicModel.m in Sources */,
				A4FBD9A91E612A2F00F36F3D /* NSArray+MASAdditions.m in Sources */,
				A4FBD9B01E612A6E00F36F3D /* HYTextView.m in Sources */,
				A4FBD9B81E612D1300F36F3D /* UIView+YYAdd.m in Sources */,
				A4FBD9A71E612A2F00F36F3D /* MASViewAttribute.m in Sources */,
				A427CB5F1E5EA8B4007B8D7B /* main.m in Sources */,
				A4FBD9A41E612A2F00F36F3D /* MASConstraint.m in Sources */,
			);
			runOnlyForDeploymentPostprocessing = 0;
		};
/* End PBXSourcesBuildPhase section */

/* Begin PBXVariantGroup section */
		A427CB661E5EA8B5007B8D7B /* Main.storyboard */ = {
			isa = PBXVariantGroup;
			children = (
				A427CB671E5EA8B5007B8D7B /* Base */,
			);
			name = Main.storyboard;
			sourceTree = "<group>";
		};
		A427CB6B1E5EA8B5007B8D7B /* LaunchScreen.storyboard */ = {
			isa = PBXVariantGroup;
			children = (
				A427CB6C1E5EA8B5007B8D7B /* Base */,
			);
			name = LaunchScreen.storyboard;
			sourceTree = "<group>";
		};
/* End PBXVariantGroup section */

/* Begin XCBuildConfiguration section */
		A427CB6F1E5EA8B5007B8D7B /* Debug */ = {
			isa = XCBuildConfiguration;
			buildSettings = {
				ALWAYS_SEARCH_USER_PATHS = NO;
				CLANG_ANALYZER_NONNULL = YES;
				CLANG_CXX_LANGUAGE_STANDARD = "gnu++0x";
				CLANG_CXX_LIBRARY = "libc++";
				CLANG_ENABLE_MODULES = YES;
				CLANG_ENABLE_OBJC_ARC = YES;
				CLANG_WARN_BOOL_CONVERSION = YES;
				CLANG_WARN_CONSTANT_CONVERSION = YES;
				CLANG_WARN_DIRECT_OBJC_ISA_USAGE = YES_ERROR;
				CLANG_WARN_DOCUMENTATION_COMMENTS = YES;
				CLANG_WARN_EMPTY_BODY = YES;
				CLANG_WARN_ENUM_CONVERSION = YES;
				CLANG_WARN_INFINITE_RECURSION = YES;
				CLANG_WARN_INT_CONVERSION = YES;
				CLANG_WARN_OBJC_ROOT_CLASS = YES_ERROR;
				CLANG_WARN_SUSPICIOUS_MOVES = YES;
				CLANG_WARN_UNREACHABLE_CODE = YES;
				CLANG_WARN__DUPLICATE_METHOD_MATCH = YES;
				"CODE_SIGN_IDENTITY[sdk=iphoneos*]" = "iPhone Developer";
				COPY_PHASE_STRIP = NO;
				DEBUG_INFORMATION_FORMAT = dwarf;
				ENABLE_STRICT_OBJC_MSGSEND = YES;
				ENABLE_TESTABILITY = YES;
				GCC_C_LANGUAGE_STANDARD = gnu99;
				GCC_DYNAMIC_NO_PIC = NO;
				GCC_NO_COMMON_BLOCKS = YES;
				GCC_OPTIMIZATION_LEVEL = 0;
				GCC_PREPROCESSOR_DEFINITIONS = (
					"DEBUG=1",
					"$(inherited)",
				);
				GCC_WARN_64_TO_32_BIT_CONVERSION = YES;
				GCC_WARN_ABOUT_RETURN_TYPE = YES_ERROR;
				GCC_WARN_UNDECLARED_SELECTOR = YES;
				GCC_WARN_UNINITIALIZED_AUTOS = YES_AGGRESSIVE;
				GCC_WARN_UNUSED_FUNCTION = YES;
				GCC_WARN_UNUSED_VARIABLE = YES;
				IPHONEOS_DEPLOYMENT_TARGET = 10.0;
				MTL_ENABLE_DEBUG_INFO = YES;
				ONLY_ACTIVE_ARCH = YES;
				SDKROOT = iphoneos;
			};
			name = Debug;
		};
		A427CB701E5EA8B5007B8D7B /* Release */ = {
			isa = XCBuildConfiguration;
			buildSettings = {
				ALWAYS_SEARCH_USER_PATHS = NO;
				CLANG_ANALYZER_NONNULL = YES;
				CLANG_CXX_LANGUAGE_STANDARD = "gnu++0x";
				CLANG_CXX_LIBRARY = "libc++";
				CLANG_ENABLE_MODULES = YES;
				CLANG_ENABLE_OBJC_ARC = YES;
				CLANG_WARN_BOOL_CONVERSION = YES;
				CLANG_WARN_CONSTANT_CONVERSION = YES;
				CLANG_WARN_DIRECT_OBJC_ISA_USAGE = YES_ERROR;
				CLANG_WARN_DOCUMENTATION_COMMENTS = YES;
				CLANG_WARN_EMPTY_BODY = YES;
				CLANG_WARN_ENUM_CONVERSION = YES;
				CLANG_WARN_INFINITE_RECURSION = YES;
				CLANG_WARN_INT_CONVERSION = YES;
				CLANG_WARN_OBJC_ROOT_CLASS = YES_ERROR;
				CLANG_WARN_SUSPICIOUS_MOVES = YES;
				CLANG_WARN_UNREACHABLE_CODE = YES;
				CLANG_WARN__DUPLICATE_METHOD_MATCH = YES;
				"CODE_SIGN_IDENTITY[sdk=iphoneos*]" = "iPhone Developer";
				COPY_PHASE_STRIP = NO;
				DEBUG_INFORMATION_FORMAT = "dwarf-with-dsym";
				ENABLE_NS_ASSERTIONS = NO;
				ENABLE_STRICT_OBJC_MSGSEND = YES;
				GCC_C_LANGUAGE_STANDARD = gnu99;
				GCC_NO_COMMON_BLOCKS = YES;
				GCC_WARN_64_TO_32_BIT_CONVERSION = YES;
				GCC_WARN_ABOUT_RETURN_TYPE = YES_ERROR;
				GCC_WARN_UNDECLARED_SELECTOR = YES;
				GCC_WARN_UNINITIALIZED_AUTOS = YES_AGGRESSIVE;
				GCC_WARN_UNUSED_FUNCTION = YES;
				GCC_WARN_UNUSED_VARIABLE = YES;
				IPHONEOS_DEPLOYMENT_TARGET = 10.0;
				MTL_ENABLE_DEBUG_INFO = NO;
				SDKROOT = iphoneos;
				VALIDATE_PRODUCT = YES;
			};
			name = Release;
		};
		A427CB721E5EA8B5007B8D7B /* Debug */ = {
			isa = XCBuildConfiguration;
			buildSettings = {
				ASSETCATALOG_COMPILER_APPICON_NAME = AppIcon;
				DEVELOPMENT_TEAM = 4E9YB2PQ89;
				GCC_PREFIX_HEADER = "$(SRCROOT)/TestPaper/PrefixHeader.pch";
				INFOPLIST_FILE = TestPaper/Info.plist;
				IPHONEOS_DEPLOYMENT_TARGET = 8.0;
				LD_RUNPATH_SEARCH_PATHS = "$(inherited) @executable_path/Frameworks";
				PRODUCT_BUNDLE_IDENTIFIER = com.LQwawa.www.TestPaper;
				PRODUCT_NAME = "$(TARGET_NAME)";
			};
			name = Debug;
		};
		A427CB731E5EA8B5007B8D7B /* Release */ = {
			isa = XCBuildConfiguration;
			buildSettings = {
				ASSETCATALOG_COMPILER_APPICON_NAME = AppIcon;
				DEVELOPMENT_TEAM = 4E9YB2PQ89;
				GCC_PREFIX_HEADER = "$(SRCROOT)/TestPaper/PrefixHeader.pch";
				INFOPLIST_FILE = TestPaper/Info.plist;
				IPHONEOS_DEPLOYMENT_TARGET = 8.0;
				LD_RUNPATH_SEARCH_PATHS = "$(inherited) @executable_path/Frameworks";
				PRODUCT_BUNDLE_IDENTIFIER = com.LQwawa.www.TestPaper;
				PRODUCT_NAME = "$(TARGET_NAME)";
			};
			name = Release;
		};
/* End XCBuildConfiguration section */

/* Begin XCConfigurationList section */
		A427CB551E5EA8B4007B8D7B /* Build configuration list for PBXProject "TestPaper" */ = {
			isa = XCConfigurationList;
			buildConfigurations = (
				A427CB6F1E5EA8B5007B8D7B /* Debug */,
				A427CB701E5EA8B5007B8D7B /* Release */,
			);
			defaultConfigurationIsVisible = 0;
			defaultConfigurationName = Release;
		};
		A427CB711E5EA8B5007B8D7B /* Build configuration list for PBXNativeTarget "TestPaper" */ = {
			isa = XCConfigurationList;
			buildConfigurations = (
				A427CB721E5EA8B5007B8D7B /* Debug */,
				A427CB731E5EA8B5007B8D7B /* Release */,
			);
			defaultConfigurationIsVisible = 0;
			defaultConfigurationName = Release;
		};
/* End XCConfigurationList section */
	};
	rootObject = A427CB521E5EA8B4007B8D7B /* Project object */;
}
